
Microsoft Visual Studio Solution File, Format Version 12.00
# Visual Studio Version 17
VisualStudioVersion = 17.8.34322.80
MinimumVisualStudioVersion = 10.0.40219.1
Project("{FAE04EC0-301F-11D3-BF4B-00C04F79EFBC}") = "living organisms", "ConsoleApp2\living organisms.csproj", "{606DE74C-16FC-4F50-B52D-5F824749A6C3}"
EndProject
Project("{FAE04EC0-301F-11D3-BF4B-00C04F79EFBC}") = "Road", "ConsoleApp1\Road.csproj", "{56350967-A3C1-4EE4-BF96-43A584EADAEE}"
EndProject
Project("{FAE04EC0-301F-11D3-BF4B-00C04F79EFBC}") = "IConnectable", "ConsoleApp3\IConnectable.csproj", "{1ED74275-212E-49D4-B895-701A999BE769}"
EndProject
Global
	GlobalSection(SolutionConfigurationPlatforms) = preSolution
		Debug|Any CPU = Debug|Any CPU
		Release|Any CPU = Release|Any CPU
	EndGlobalSection
	GlobalSection(ProjectConfigurationPlatforms) = postSolution
		{606DE74C-16FC-4F50-B52D-5F824749A6C3}.Debug|Any CPU.ActiveCfg = Debug|Any CPU
		{606DE74C-16FC-4F50-B52D-5F824749A6C3}.Debug|Any CPU.Build.0 = Debug|Any CPU
		{606DE74C-16FC-4F50-B52D-5F824749A6C3}.Release|Any CPU.ActiveCfg = Release|Any CPU
		{606DE74C-16FC-4F50-B52D-5F824749A6C3}.Release|Any CPU.Build.0 = Release|Any CPU
		{56350967-A3C1-4EE4-BF96-43A584EADAEE}.Debug|Any CPU.ActiveCfg = Debug|Any CPU
		{56350967-A3C1-4EE4-BF96-43A584EADAEE}.Debug|Any CPU.Build.0 = Debug|Any CPU
		{56350967-A3C1-4EE4-BF96-43A584EADAEE}.Release|Any CPU.ActiveCfg = Release|Any CPU
		{56350967-A3C1-4EE4-BF96-43A584EADAEE}.Release|Any CPU.Build.0 = Release|Any CPU
		{1ED74275-212E-49D4-B895-701A999BE769}.Debug|Any CPU.ActiveCfg = Debug|Any CPU
		{1ED74275-212E-49D4-B895-701A999BE769}.Debug|Any CPU.Build.0 = Debug|Any CPU
		{1ED74275-212E-49D4-B895-701A999BE769}.Release|Any CPU.ActiveCfg = Release|Any CPU
		{1ED74275-212E-49D4-B895-701A999BE769}.Release|Any CPU.Build.0 = Release|Any CPU
	EndGlobalSection
	GlobalSection(SolutionProperties) = preSolution
		HideSolutionNode = FALSE
	EndGlobalSection
	GlobalSection(ExtensibilityGlobals) = postSolution
		SolutionGuid = {DFE236DC-A8BD-4928-8B25-F60CD9F78AAD}
	EndGlobalSection
EndGlobal
